PODS:
  - Alamofire (4.9.1)
  - CropViewController (2.5.1)
  - Differentiator (3.1.0)
  - Firebase/Analytics (6.10.0):
    - Firebase/Core
  - Firebase/Core (6.10.0):
    - Firebase/CoreOnly
    - FirebaseAnalytics (= 6.1.3)
  - Firebase/CoreOnly (6.10.0):
    - FirebaseCore (= 6.3.1)
  - Firebase/Messaging (6.10.0):
    - Firebase/CoreOnly
    - FirebaseMessaging (~> 4.1.6)
  - Firebase/RemoteConfig (6.10.0):
    - Firebase/CoreOnly
    - FirebaseRemoteConfig (~> 4.4.2)
  - FirebaseABTesting (3.1.2):
    - FirebaseAnalyticsInterop (~> 1.3)
    - FirebaseCore (~> 6.1)
    - Protobuf (>= 3.9.2, ~> 3.9)
  - FirebaseAnalytics (6.1.3):
    - FirebaseCore (~> 6.3)
    - FirebaseInstanceID (~> 4.2)
    - GoogleAppMeasurement (= 6.1.3)
    - GoogleUtilities/AppDelegateSwizzler (~> 6.0)
    - GoogleUtilities/MethodSwizzler (~> 6.0)
    - GoogleUtilities/Network (~> 6.0)
    - "GoogleUtilities/NSData+zlib (~> 6.0)"
    - nanopb (~> 0.3.901)
  - FirebaseAnalyticsInterop (1.4.0)
  - FirebaseCore (6.3.1):
    - FirebaseCoreDiagnostics (~> 1.0)
    - FirebaseCoreDiagnosticsInterop (~> 1.0)
    - GoogleUtilities/Environment (~> 6.2)
    - GoogleUtilities/Logger (~> 6.2)
  - FirebaseCoreDiagnostics (1.1.1):
    - FirebaseCoreDiagnosticsInterop (~> 1.0)
    - GoogleDataTransportCCTSupport (~> 1.0)
    - GoogleUtilities/Environment (~> 6.2)
    - GoogleUtilities/Logger (~> 6.2)
    - nanopb (~> 0.3.901)
  - FirebaseCoreDiagnosticsInterop (1.0.0)
  - FirebaseInstanceID (4.2.5):
    - FirebaseCore (~> 6.0)
    - GoogleUtilities/Environment (~> 6.0)
    - GoogleUtilities/UserDefaults (~> 6.0)
  - FirebaseMessaging (4.1.6):
    - FirebaseAnalyticsInterop (~> 1.3)
    - FirebaseCore (~> 6.2)
    - FirebaseInstanceID (~> 4.1)
    - GoogleUtilities/AppDelegateSwizzler (~> 6.2)
    - GoogleUtilities/Environment (~> 6.2)
    - GoogleUtilities/Reachability (~> 6.2)
    - GoogleUtilities/UserDefaults (~> 6.2)
    - Protobuf (>= 3.9.2, ~> 3.9)
  - FirebaseRemoteConfig (4.4.2):
    - FirebaseABTesting (~> 3.1)
    - FirebaseAnalyticsInterop (~> 1.4)
    - FirebaseCore (~> 6.2)
    - FirebaseInstanceID (~> 4.2)
    - GoogleUtilities/Environment (~> 6.2)
    - "GoogleUtilities/NSData+zlib (~> 6.2)"
    - Protobuf (>= 3.9.2, ~> 3.9)
  - GoogleAppMeasurement (6.1.3):
    - GoogleUtilities/AppDelegateSwizzler (~> 6.0)
    - GoogleUtilities/MethodSwizzler (~> 6.0)
    - GoogleUtilities/Network (~> 6.0)
    - "GoogleUtilities/NSData+zlib (~> 6.0)"
    - nanopb (~> 0.3.901)
  - GoogleDataTransport (3.0.1)
  - GoogleDataTransportCCTSupport (1.2.1):
    - GoogleDataTransport (~> 3.0)
    - nanopb (~> 0.3.901)
  - GoogleUtilities/AppDelegateSwizzler (6.3.1):
    - GoogleUtilities/Environment
    - GoogleUtilities/Logger
    - GoogleUtilities/Network
  - GoogleUtilities/Environment (6.3.1)
  - GoogleUtilities/Logger (6.3.1):
    - GoogleUtilities/Environment
  - GoogleUtilities/MethodSwizzler (6.3.1):
    - GoogleUtilities/Logger
  - GoogleUtilities/Network (6.3.1):
    - GoogleUtilities/Logger
    - "GoogleUtilities/NSData+zlib"
    - GoogleUtilities/Reachability
  - "GoogleUtilities/NSData+zlib (6.3.1)"
  - GoogleUtilities/Reachability (6.3.1):
    - GoogleUtilities/Logger
  - GoogleUtilities/UserDefaults (6.3.1):
    - GoogleUtilities/Logger
  - Gridicons (0.19)
  - GSKStretchyHeaderView (1.0.4)
  - Kanna (5.0.0)
  - KeychainAccess (3.2.1)
  - libwebp (1.0.3):
    - libwebp/demux (= 1.0.3)
    - libwebp/mux (= 1.0.3)
    - libwebp/webp (= 1.0.3)
  - libwebp/demux (1.0.3):
    - libwebp/webp
  - libwebp/mux (1.0.3):
    - libwebp/demux
  - libwebp/webp (1.0.3)
  - ModelMapper (10.0.0):
    - ModelMapper/Core (= 10.0.0)
  - ModelMapper/Core (10.0.0)
  - Moya (13.0.1):
    - Moya/Core (= 13.0.1)
  - Moya-ModelMapper (9.0.0):
    - Moya-ModelMapper/Core (= 9.0.0)
  - Moya-ModelMapper/Core (9.0.0):
    - ModelMapper (~> 10.0)
    - Moya (~> 13.0)
  - Moya-ModelMapper/RxSwift (9.0.0):
    - Moya-ModelMapper/Core
    - Moya/RxSwift (~> 13.0)
    - RxSwift
  - Moya/Core (13.0.1):
    - Alamofire (~> 4.1)
    - Result (~> 4.1)
  - Moya/RxSwift (13.0.1):
    - Moya/Core
    - RxSwift (~> 4.0)
  - nanopb (0.3.901):
    - nanopb/decode (= 0.3.901)
    - nanopb/encode (= 0.3.901)
  - nanopb/decode (0.3.901)
  - nanopb/encode (0.3.901)
  - PictionSDK/Core (0.0.1):
    - KeychainAccess (~> 3.2.0)
    - Moya-ModelMapper (~> 9.0.0)
  - PictionSDK/RxSwift (0.0.1):
    - Moya-ModelMapper/RxSwift (~> 9.0.0)
    - PictionSDK/Core
    - RxSwift
  - Protobuf (3.10.0)
  - Result (4.1.0)
  - RxCocoa (4.5.0):
    - RxSwift (>= 4.4.2, ~> 4.4)
  - RxDataSources (3.1.0):
    - Differentiator (~> 3.0)
    - RxCocoa (~> 4.0)
    - RxSwift (~> 4.0)
  - RxGesture (2.2.0):
    - RxCocoa (~> 4.5)
    - RxSwift (~> 4.5)
  - RxSwift (4.5.0)
  - SDWebImage/Core (4.4.8)
  - SDWebImage/WebP (4.4.8):
    - libwebp (< 2.0, >= 0.5)
    - SDWebImage/Core
  - Swinject (2.7.1)
  - Toast-Swift (5.0.0)
  - UIScrollView-InfiniteScroll (1.1.0)
  - ViewModelBindable (1.0.1):
    - RxSwift
  - WordPress-Aztec-iOS (1.10.1)
  - WSTagsField (5.1.1)

DEPENDENCIES:
  - CropViewController
  - Firebase/Analytics
  - Firebase/Messaging
  - Firebase/RemoteConfig
  - Gridicons
  - GSKStretchyHeaderView
  - Kanna
  - PictionSDK/RxSwift
  - RxDataSources
  - RxGesture
  - SDWebImage/WebP
  - Swinject
  - Toast-Swift
  - UIScrollView-InfiniteScroll
  - ViewModelBindable (from `https://github.com/jhseo/ViewModelBindable.git`, commit `82811d20fd9a802605c38009e356878f251b0124`)
  - WordPress-Aztec-iOS
  - WSTagsField

SPEC REPOS:
  https://github.com/CocoaPods/Specs.git:
    - CropViewController
    - Differentiator
    - Firebase
    - FirebaseABTesting
    - FirebaseAnalytics
    - FirebaseAnalyticsInterop
    - FirebaseCore
    - FirebaseCoreDiagnostics
    - FirebaseCoreDiagnosticsInterop
    - FirebaseInstanceID
    - FirebaseMessaging
    - FirebaseRemoteConfig
    - GoogleAppMeasurement
    - GoogleDataTransport
    - GoogleDataTransportCCTSupport
    - GoogleUtilities
    - Gridicons
    - GSKStretchyHeaderView
    - Kanna
    - nanopb
    - Protobuf
    - RxCocoa
    - RxDataSources
    - RxSwift
    - Swinject
    - Toast-Swift
    - UIScrollView-InfiniteScroll
    - WordPress-Aztec-iOS
  trunk:
    - Alamofire
    - KeychainAccess
    - libwebp
    - ModelMapper
    - Moya
    - Moya-ModelMapper
    - PictionSDK
    - Result
    - RxGesture
    - SDWebImage
    - WSTagsField

EXTERNAL SOURCES:
  ViewModelBindable:
    :commit: 82811d20fd9a802605c38009e356878f251b0124
    :git: https://github.com/jhseo/ViewModelBindable.git

CHECKOUT OPTIONS:
  ViewModelBindable:
    :commit: 82811d20fd9a802605c38009e356878f251b0124
    :git: https://github.com/jhseo/ViewModelBindable.git

SPEC CHECKSUMS:
  Alamofire: 85e8a02c69d6020a0d734f6054870d7ecb75cf18
  CropViewController: 10ba7af75e302f2db7eb913f8aa1156f95cfe88e
  Differentiator: be49ca3408f0ecfc761e4c7763d20c62be01b9ad
  Firebase: 5e6b7b12bf9adb90986688edc06b156c37e109cd
  FirebaseABTesting: 0d10f3cdc3fa00f3f175b5b56c1003c8e888299f
  FirebaseAnalytics: 0e3ecff2c5d86070f7d4325e21f1edabfbd558dc
  FirebaseAnalyticsInterop: d48b6ab67bcf016a05e55b71fc39c61c0cb6b7f3
  FirebaseCore: 064c2dd92a8ca5974bbdcb080df9921e46bd34cd
  FirebaseCoreDiagnostics: af29e43048607588c050889d19204f4d7b758c9f
  FirebaseCoreDiagnosticsInterop: 6829da2b8d1fc795ff1bd99df751d3788035d2cb
  FirebaseInstanceID: 550df9be1f99f751d8fcde3ac342a1e21a0e6c42
  FirebaseMessaging: 35edef69a6af9b34e9e44624089f054be3c09089
  FirebaseRemoteConfig: 03efa57106f9b6f7afe36658de4a9c67c803d3a8
  GoogleAppMeasurement: 434cc7be25e71dc04b8d0e3079125127b330e84a
  GoogleDataTransport: 166f9b9f82cbf60a204e8fe2daa9db3e3ec1fb15
  GoogleDataTransportCCTSupport: f6ab1962e9dc05ab1fb938b795e5b310209edeec
  GoogleUtilities: f895fde57977df4e0233edda0dbeac490e3703b6
  Gridicons: dc92efbe5fd60111d2e8ea051d84a60cca552abc
  GSKStretchyHeaderView: 9743704c12bdc9cf7c7947bad3af8bf24f7061e3
  Kanna: a32875df62975f8f4b871e933b4ea1a5c3b8be0f
  KeychainAccess: d5470352939ced6d6f7fb51cb2e67aae51fc294f
  libwebp: 057912d6d0abfb6357d8bb05c0ea470301f5d61e
  ModelMapper: a8dbf2a2003bf626627b9fe7c9a22b3405a30404
  Moya: f4a4b80ff2f8a4ffc208dfb31cd91636622fee6e
  Moya-ModelMapper: 4948625af7fc5eef41ad9fdfe0c3517170b50960
  nanopb: 2901f78ea1b7b4015c860c2fdd1ea2fee1a18d48
  PictionSDK: e97a95928346346caf1e7602197c2ba49d38e9f7
  Protobuf: a4dc852ad69c027ca2166ed287b856697814375b
  Result: bd966fac789cc6c1563440b348ab2598cc24d5c7
  RxCocoa: cbf70265dc65a981d4ac982e513c10cf23df24a0
  RxDataSources: a843bad90c29817f5923ec8163f4af2de084ceb3
  RxGesture: c1b7bf17166b0ef9d642a9510f8bac5785f18990
  RxSwift: f172070dfd1a93d70a9ab97a5a01166206e1c575
  SDWebImage: 783af2c3fa36291a250030c4752ee370a9a51d13
  Swinject: ddf78b8486dd9b71a667b852cad919ab4484478e
  Toast-Swift: 36f4720243c8582c2be243a60a51e193c761f541
  UIScrollView-InfiniteScroll: 3ef456bcbe759c19f510a383cff96e6647c98c98
  ViewModelBindable: 9c35313036026fca397674f69b6b98ed69fbecff
  WordPress-Aztec-iOS: 419ebf7a333fe147da33e4754978f20a5fd08a86
  WSTagsField: 35923c87c8bbf11e3c12ef3d3e3107425fb0ac2c

PODFILE CHECKSUM: 2693f1ceb3765cd52268a1e346f62af1b5997301

COCOAPODS: 1.8.4
