PODS:
  - Alamofire (4.9.1)
  - CropViewController (2.5.1)
  - Differentiator (3.1.0)
  - Firebase/Analytics (6.16.0):
    - Firebase/Core
  - Firebase/Core (6.16.0):
    - Firebase/CoreOnly
    - FirebaseAnalytics (= 6.2.2)
  - Firebase/CoreOnly (6.16.0):
    - FirebaseCore (= 6.6.1)
  - Firebase/Crashlytics (6.16.0):
    - Firebase/CoreOnly
    - FirebaseCrashlytics (~> 4.0.0-beta.2)
  - Firebase/Messaging (6.16.0):
    - Firebase/CoreOnly
    - FirebaseMessaging (~> 4.2.0)
  - Firebase/RemoteConfig (6.16.0):
    - Firebase/CoreOnly
    - FirebaseRemoteConfig (~> 4.4.6)
  - FirebaseABTesting (3.1.2):
    - FirebaseAnalyticsInterop (~> 1.3)
    - FirebaseCore (~> 6.1)
    - Protobuf (>= 3.9.2, ~> 3.9)
  - FirebaseAnalytics (6.2.2):
    - FirebaseCore (~> 6.6)
    - FirebaseInstanceID (~> 4.3)
    - GoogleAppMeasurement (= 6.2.2)
    - GoogleUtilities/AppDelegateSwizzler (~> 6.0)
    - GoogleUtilities/MethodSwizzler (~> 6.0)
    - GoogleUtilities/Network (~> 6.0)
    - "GoogleUtilities/NSData+zlib (~> 6.0)"
    - nanopb (= 0.3.9011)
  - FirebaseAnalyticsInterop (1.5.0)
  - FirebaseCore (6.6.1):
    - FirebaseCoreDiagnostics (~> 1.2)
    - FirebaseCoreDiagnosticsInterop (~> 1.2)
    - GoogleUtilities/Environment (~> 6.5)
    - GoogleUtilities/Logger (~> 6.5)
  - FirebaseCoreDiagnostics (1.2.0):
    - FirebaseCoreDiagnosticsInterop (~> 1.2)
    - GoogleDataTransportCCTSupport (~> 1.3)
    - GoogleUtilities/Environment (~> 6.5)
    - GoogleUtilities/Logger (~> 6.5)
    - nanopb (~> 0.3.901)
  - FirebaseCoreDiagnosticsInterop (1.2.0)
  - FirebaseCrashlytics (4.0.0-beta.3):
    - FirebaseAnalyticsInterop (~> 1.2)
    - FirebaseCore (~> 6.6)
    - FirebaseInstanceID (~> 4.3)
    - PromisesObjC (~> 1.2)
  - FirebaseInstallations (1.1.0):
    - FirebaseCore (~> 6.6)
    - GoogleUtilities/UserDefaults (~> 6.5)
    - PromisesObjC (~> 1.2)
  - FirebaseInstanceID (4.3.0):
    - FirebaseCore (~> 6.6)
    - FirebaseInstallations (~> 1.0)
    - GoogleUtilities/Environment (~> 6.5)
    - GoogleUtilities/UserDefaults (~> 6.5)
  - FirebaseMessaging (4.2.0):
    - FirebaseAnalyticsInterop (~> 1.5)
    - FirebaseCore (~> 6.6)
    - FirebaseInstanceID (~> 4.3)
    - GoogleUtilities/AppDelegateSwizzler (~> 6.5)
    - GoogleUtilities/Environment (~> 6.5)
    - GoogleUtilities/Reachability (~> 6.5)
    - GoogleUtilities/UserDefaults (~> 6.5)
    - Protobuf (>= 3.9.2, ~> 3.9)
  - FirebaseRemoteConfig (4.4.6):
    - FirebaseABTesting (~> 3.1)
    - FirebaseAnalyticsInterop (~> 1.4)
    - FirebaseCore (~> 6.2)
    - FirebaseInstanceID (~> 4.2)
    - GoogleUtilities/Environment (~> 6.2)
    - "GoogleUtilities/NSData+zlib (~> 6.2)"
    - Protobuf (>= 3.9.2, ~> 3.9)
  - GoogleAppMeasurement (6.2.2):
    - GoogleUtilities/AppDelegateSwizzler (~> 6.0)
    - GoogleUtilities/MethodSwizzler (~> 6.0)
    - GoogleUtilities/Network (~> 6.0)
    - "GoogleUtilities/NSData+zlib (~> 6.0)"
    - nanopb (= 0.3.9011)
  - GoogleDataTransport (3.3.1)
  - GoogleDataTransportCCTSupport (1.3.1):
    - GoogleDataTransport (~> 3.3)
    - nanopb (~> 0.3.901)
  - GoogleUtilities/AppDelegateSwizzler (6.5.1):
    - GoogleUtilities/Environment
    - GoogleUtilities/Logger
    - GoogleUtilities/Network
  - GoogleUtilities/Environment (6.5.1)
  - GoogleUtilities/Logger (6.5.1):
    - GoogleUtilities/Environment
  - GoogleUtilities/MethodSwizzler (6.5.1):
    - GoogleUtilities/Logger
  - GoogleUtilities/Network (6.5.1):
    - GoogleUtilities/Logger
    - "GoogleUtilities/NSData+zlib"
    - GoogleUtilities/Reachability
  - "GoogleUtilities/NSData+zlib (6.5.1)"
  - GoogleUtilities/Reachability (6.5.1):
    - GoogleUtilities/Logger
  - GoogleUtilities/UserDefaults (6.5.1):
    - GoogleUtilities/Logger
  - Gridicons (0.19)
  - GSKStretchyHeaderView (1.0.4)
  - Kanna (5.0.0)
  - KeychainAccess (3.2.1)
  - libwebp (1.0.3):
    - libwebp/demux (= 1.0.3)
    - libwebp/mux (= 1.0.3)
    - libwebp/webp (= 1.0.3)
  - libwebp/demux (1.0.3):
    - libwebp/webp
  - libwebp/mux (1.0.3):
    - libwebp/demux
  - libwebp/webp (1.0.3)
  - ModelMapper (10.0.0):
    - ModelMapper/Core (= 10.0.0)
  - ModelMapper/Core (10.0.0)
  - Moya (13.0.1):
    - Moya/Core (= 13.0.1)
  - Moya-ModelMapper (9.0.0):
    - Moya-ModelMapper/Core (= 9.0.0)
  - Moya-ModelMapper/Core (9.0.0):
    - ModelMapper (~> 10.0)
    - Moya (~> 13.0)
  - Moya-ModelMapper/RxSwift (9.0.0):
    - Moya-ModelMapper/Core
    - Moya/RxSwift (~> 13.0)
    - RxSwift
  - Moya/Core (13.0.1):
    - Alamofire (~> 4.1)
    - Result (~> 4.1)
  - Moya/RxSwift (13.0.1):
    - Moya/Core
    - RxSwift (~> 4.0)
  - nanopb (0.3.9011):
    - nanopb/decode (= 0.3.9011)
    - nanopb/encode (= 0.3.9011)
  - nanopb/decode (0.3.9011)
  - nanopb/encode (0.3.9011)
  - PictionSDK/Core (1.0.0):
    - KeychainAccess (~> 3.2.0)
    - Moya-ModelMapper (~> 9.0.0)
  - PictionSDK/RxSwift (1.0.0):
    - Moya-ModelMapper/RxSwift (~> 9.0.0)
    - PictionSDK/Core
    - RxSwift
  - PromisesObjC (1.2.8)
  - Protobuf (3.11.3)
  - Result (4.1.0)
  - RxCocoa (4.5.0):
    - RxSwift (>= 4.4.2, ~> 4.4)
  - RxDataSources (3.1.0):
    - Differentiator (~> 3.0)
    - RxCocoa (~> 4.0)
    - RxSwift (~> 4.0)
  - RxGesture (2.2.0):
    - RxCocoa (~> 4.5)
    - RxSwift (~> 4.5)
  - RxSwift (4.5.0)
  - SDWebImage/Core (4.4.8)
  - SDWebImage/WebP (4.4.8):
    - libwebp (< 2.0, >= 0.5)
    - SDWebImage/Core
  - Swinject (2.7.1)
  - Toast-Swift (5.0.0)
  - UIScrollView-InfiniteScroll (1.1.0)
  - ViewModelBindable (1.0.1):
    - RxSwift
  - WordPress-Aztec-iOS (1.10.1)
  - WSTagsField (5.1.1)

DEPENDENCIES:
  - CropViewController
  - Firebase/Analytics
  - Firebase/Crashlytics
  - Firebase/Messaging
  - Firebase/RemoteConfig
  - Gridicons
  - GSKStretchyHeaderView
  - Kanna
  - PictionSDK/RxSwift
  - RxDataSources
  - RxGesture
  - SDWebImage/WebP
  - Swinject
  - Toast-Swift
  - UIScrollView-InfiniteScroll
  - ViewModelBindable (from `https://github.com/jhseo/ViewModelBindable.git`, commit `82811d20fd9a802605c38009e356878f251b0124`)
  - WordPress-Aztec-iOS
  - WSTagsField

SPEC REPOS:
  https://github.com/CocoaPods/Specs.git:
    - CropViewController
    - Differentiator
    - Gridicons
    - GSKStretchyHeaderView
    - Kanna
    - RxCocoa
    - RxDataSources
    - RxSwift
    - Swinject
    - Toast-Swift
    - UIScrollView-InfiniteScroll
    - WordPress-Aztec-iOS
  trunk:
    - Alamofire
    - Firebase
    - FirebaseABTesting
    - FirebaseAnalytics
    - FirebaseAnalyticsInterop
    - FirebaseCore
    - FirebaseCoreDiagnostics
    - FirebaseCoreDiagnosticsInterop
    - FirebaseCrashlytics
    - FirebaseInstallations
    - FirebaseInstanceID
    - FirebaseMessaging
    - FirebaseRemoteConfig
    - GoogleAppMeasurement
    - GoogleDataTransport
    - GoogleDataTransportCCTSupport
    - GoogleUtilities
    - KeychainAccess
    - libwebp
    - ModelMapper
    - Moya
    - Moya-ModelMapper
    - nanopb
    - PictionSDK
    - PromisesObjC
    - Protobuf
    - Result
    - RxGesture
    - SDWebImage
    - WSTagsField

EXTERNAL SOURCES:
  ViewModelBindable:
    :commit: 82811d20fd9a802605c38009e356878f251b0124
    :git: https://github.com/jhseo/ViewModelBindable.git

CHECKOUT OPTIONS:
  ViewModelBindable:
    :commit: 82811d20fd9a802605c38009e356878f251b0124
    :git: https://github.com/jhseo/ViewModelBindable.git

SPEC CHECKSUMS:
  Alamofire: 85e8a02c69d6020a0d734f6054870d7ecb75cf18
  CropViewController: 10ba7af75e302f2db7eb913f8aa1156f95cfe88e
  Differentiator: be49ca3408f0ecfc761e4c7763d20c62be01b9ad
  Firebase: 497158b816d0a86fc31babbd05546fcd7e6083ff
  FirebaseABTesting: 0d10f3cdc3fa00f3f175b5b56c1003c8e888299f
  FirebaseAnalytics: cf95d3aab897612783020fbd98401d5366f135ee
  FirebaseAnalyticsInterop: 3f86269c38ae41f47afeb43ebf32a001f58fcdae
  FirebaseCore: 85064903ed6c28e47fec9c7bd149d94ba1b6b6e7
  FirebaseCoreDiagnostics: 5e78803ab276bc5b50340e3c539c06c3de35c649
  FirebaseCoreDiagnosticsInterop: 296e2c5f5314500a850ad0b83e9e7c10b011a850
  FirebaseCrashlytics: 81ac4950302353dc6b5f8d5cc287397725b54c97
  FirebaseInstallations: 575cd32f2aec0feeb0e44f5d0110a09e5e60b47b
  FirebaseInstanceID: 6668efc1655a4052c083f287a7141f1ead12f9c2
  FirebaseMessaging: 448cf4c727f3c95f4f90816907d67306ba785cfe
  FirebaseRemoteConfig: c11d74d8b1ff8463b587fc8899d92ee089f9a691
  GoogleAppMeasurement: d0560d915abf15e692e8538ba1d58442217b6aff
  GoogleDataTransport: 0048df6388dab1c254799f2a30365b1dffe20422
  GoogleDataTransportCCTSupport: f880d70972efa2ed1be4e9173a0f4c5f3dc2d176
  GoogleUtilities: 06eb53bb579efe7099152735900dd04bf09e7275
  Gridicons: dc92efbe5fd60111d2e8ea051d84a60cca552abc
  GSKStretchyHeaderView: 9743704c12bdc9cf7c7947bad3af8bf24f7061e3
  Kanna: a32875df62975f8f4b871e933b4ea1a5c3b8be0f
  KeychainAccess: d5470352939ced6d6f7fb51cb2e67aae51fc294f
  libwebp: 057912d6d0abfb6357d8bb05c0ea470301f5d61e
  ModelMapper: a8dbf2a2003bf626627b9fe7c9a22b3405a30404
  Moya: f4a4b80ff2f8a4ffc208dfb31cd91636622fee6e
  Moya-ModelMapper: 4948625af7fc5eef41ad9fdfe0c3517170b50960
  nanopb: 18003b5e52dab79db540fe93fe9579f399bd1ccd
  PictionSDK: 615546fd6c7e90db64b174021105d56e7bb9f5f0
  PromisesObjC: c119f3cd559f50b7ae681fa59dc1acd19173b7e6
  Protobuf: 0e94afe3b47cb11876eb6aee296638711a24bf75
  Result: bd966fac789cc6c1563440b348ab2598cc24d5c7
  RxCocoa: cbf70265dc65a981d4ac982e513c10cf23df24a0
  RxDataSources: a843bad90c29817f5923ec8163f4af2de084ceb3
  RxGesture: c1b7bf17166b0ef9d642a9510f8bac5785f18990
  RxSwift: f172070dfd1a93d70a9ab97a5a01166206e1c575
  SDWebImage: 783af2c3fa36291a250030c4752ee370a9a51d13
  Swinject: ddf78b8486dd9b71a667b852cad919ab4484478e
  Toast-Swift: 36f4720243c8582c2be243a60a51e193c761f541
  UIScrollView-InfiniteScroll: 3ef456bcbe759c19f510a383cff96e6647c98c98
  ViewModelBindable: 9c35313036026fca397674f69b6b98ed69fbecff
  WordPress-Aztec-iOS: 419ebf7a333fe147da33e4754978f20a5fd08a86
  WSTagsField: 35923c87c8bbf11e3c12ef3d3e3107425fb0ac2c

PODFILE CHECKSUM: ec56874855c795b9e37b02ed10df47577bdfcd90

COCOAPODS: 1.8.4
